// !$*UTF8*$!
{
	archiveVersion = 1;
	classes = {
	};
	objectVersion = 50;
	objects = {

/* Begin PBXBuildFile section */
		041CA553245427A800FA69EC /* InitialRouter.m in Sources */ = {isa = PBXBuildFile; fileRef = 041CA552245427A800FA69EC /* InitialRouter.m */; };
		046506FF2438BA9C004E3F5B /* InitialViewController.m in Sources */ = {isa = PBXBuildFile; fileRef = 046506FD2438BA9C004E3F5B /* InitialViewController.m */; };
		046507002438BA9C004E3F5B /* InitialViewController.xib in Resources */ = {isa = PBXBuildFile; fileRef = 046506FE2438BA9C004E3F5B /* InitialViewController.xib */; };
		046507022438BD57004E3F5B /* InitialConfigurator.m in Sources */ = {isa = PBXBuildFile; fileRef = 046507012438BD57004E3F5B /* InitialConfigurator.m */; };
		0465072D2438C6F1004E3F5B /* main.m in Sources */ = {isa = PBXBuildFile; fileRef = 0465072C2438C6F1004E3F5B /* main.m */; };
		047E35CD24338E460084F9EE /* AppDelegate.m in Sources */ = {isa = PBXBuildFile; fileRef = 047E35CC24338E460084F9EE /* AppDelegate.m */; };
		047E35D824338E480084F9EE /* Assets.xcassets in Resources */ = {isa = PBXBuildFile; fileRef = 047E35D724338E480084F9EE /* Assets.xcassets */; };
		047E35DB24338E480084F9EE /* LaunchScreen.storyboard in Resources */ = {isa = PBXBuildFile; fileRef = 047E35D924338E480084F9EE /* LaunchScreen.storyboard */; };
		047E35EC24338F400084F9EE /* AppAssets.m in Sources */ = {isa = PBXBuildFile; fileRef = 047E35EB24338F400084F9EE /* AppAssets.m */; };
		04818FF32439D96500D0137E /* InitialViewModel.m in Sources */ = {isa = PBXBuildFile; fileRef = 04818FF22439D96500D0137E /* InitialViewModel.m */; };
/* End PBXBuildFile section */

/* Begin PBXFileReference section */
		041CA552245427A800FA69EC /* InitialRouter.m */ = {isa = PBXFileReference; lastKnownFileType = sourcecode.c.objc; path = InitialRouter.m; sourceTree = "<group>"; };
		041CA554245427B300FA69EC /* InitialRouter.h */ = {isa = PBXFileReference; lastKnownFileType = sourcecode.c.h; path = InitialRouter.h; sourceTree = "<group>"; };
		046506FC2438BA9C004E3F5B /* InitialViewController.h */ = {isa = PBXFileReference; lastKnownFileType = sourcecode.c.h; path = InitialViewController.h; sourceTree = "<group>"; };
		046506FD2438BA9C004E3F5B /* InitialViewController.m */ = {isa = PBXFileReference; lastKnownFileType = sourcecode.c.objc; path = InitialViewController.m; sourceTree = "<group>"; };
		046506FE2438BA9C004E3F5B /* InitialViewController.xib */ = {isa = PBXFileReference; lastKnownFileType = file.xib; path = InitialViewController.xib; sourceTree = "<group>"; };
		046507012438BD57004E3F5B /* InitialConfigurator.m */ = {isa = PBXFileReference; lastKnownFileType = sourcecode.c.objc; path = InitialConfigurator.m; sourceTree = "<group>"; };
		046507032438BD62004E3F5B /* InitialConfigurator.h */ = {isa = PBXFileReference; lastKnownFileType = sourcecode.c.h; path = InitialConfigurator.h; sourceTree = "<group>"; };
		0465072C2438C6F1004E3F5B /* main.m */ = {isa = PBXFileReference; lastKnownFileType = sourcecode.c.objc; path = main.m; sourceTree = "<group>"; };
		047E35C824338E460084F9EE /* Old School.app */ = {isa = PBXFileReference; explicitFileType = wrapper.application; includeInIndex = 0; path = "Old School.app"; sourceTree = BUILT_PRODUCTS_DIR; };
		047E35CB24338E460084F9EE /* AppDelegate.h */ = {isa = PBXFileReference; lastKnownFileType = sourcecode.c.h; path = AppDelegate.h; sourceTree = "<group>"; };
		047E35CC24338E460084F9EE /* AppDelegate.m */ = {isa = PBXFileReference; lastKnownFileType = sourcecode.c.objc; path = AppDelegate.m; sourceTree = "<group>"; };
		047E35D724338E480084F9EE /* Assets.xcassets */ = {isa = PBXFileReference; lastKnownFileType = folder.assetcatalog; path = Assets.xcassets; sourceTree = "<group>"; };
		047E35DA24338E480084F9EE /* Base */ = {isa = PBXFileReference; lastKnownFileType = file.storyboard; name = Base; path = Base.lproj/LaunchScreen.storyboard; sourceTree = "<group>"; };
		047E35DC24338E480084F9EE /* Info.plist */ = {isa = PBXFileReference; lastKnownFileType = text.plist.xml; path = Info.plist; sourceTree = "<group>"; };
		047E35EB24338F400084F9EE /* AppAssets.m */ = {isa = PBXFileReference; lastKnownFileType = sourcecode.c.objc; path = AppAssets.m; sourceTree = "<group>"; };
		047E35ED24338F620084F9EE /* AppAssets.h */ = {isa = PBXFileReference; lastKnownFileType = sourcecode.c.h; path = AppAssets.h; sourceTree = "<group>"; };
		04818FF12439D95900D0137E /* InitialViewModel.h */ = {isa = PBXFileReference; lastKnownFileType = sourcecode.c.h; path = InitialViewModel.h; sourceTree = "<group>"; };
		04818FF22439D96500D0137E /* InitialViewModel.m */ = {isa = PBXFileReference; lastKnownFileType = sourcecode.c.objc; path = InitialViewModel.m; sourceTree = "<group>"; };
/* End PBXFileReference section */

/* Begin PBXFrameworksBuildPhase section */
		047E35C524338E460084F9EE /* Frameworks */ = {
			isa = PBXFrameworksBuildPhase;
			buildActionMask = 2147483647;
			files = (
			);
			runOnlyForDeploymentPostprocessing = 0;
		};
/* End PBXFrameworksBuildPhase section */

/* Begin PBXGroup section */
		047E35BF24338E460084F9EE = {
			isa = PBXGroup;
			children = (
				047E35CA24338E460084F9EE /* Old School */,
				047E35C924338E460084F9EE /* Products */,
			);
			sourceTree = "<group>";
		};
		047E35C924338E460084F9EE /* Products */ = {
			isa = PBXGroup;
			children = (
				047E35C824338E460084F9EE /* Old School.app */,
			);
			name = Products;
			sourceTree = "<group>";
		};
		047E35CA24338E460084F9EE /* Old School */ = {
			isa = PBXGroup;
			children = (
				047E35E424338ED30084F9EE /* Application Layer */,
				047E35E524338EDA0084F9EE /* Data Layer */,
				047E35E624338EDE0084F9EE /* Domain Layer */,
				047E35E724338EE20084F9EE /* Presentation Layer */,
				047E35E824338EE70084F9EE /* Service Layer */,
			);
			path = "Old School";
			sourceTree = "<group>";
		};
		047E35E424338ED30084F9EE /* Application Layer */ = {
			isa = PBXGroup;
			children = (
				047E35CB24338E460084F9EE /* AppDelegate.h */,
				047E35CC24338E460084F9EE /* AppDelegate.m */,
				0465072C2438C6F1004E3F5B /* main.m */,
				047E35DC24338E480084F9EE /* Info.plist */,
				047E35D924338E480084F9EE /* LaunchScreen.storyboard */,
				047E35E924338F220084F9EE /* Resources */,
			);
			path = "Application Layer";
			sourceTree = "<group>";
		};
		047E35E524338EDA0084F9EE /* Data Layer */ = {
			isa = PBXGroup;
			children = (
			);
			path = "Data Layer";
			sourceTree = "<group>";
		};
		047E35E624338EDE0084F9EE /* Domain Layer */ = {
			isa = PBXGroup;
			children = (
			);
			path = "Domain Layer";
			sourceTree = "<group>";
		};
		047E35E724338EE20084F9EE /* Presentation Layer */ = {
			isa = PBXGroup;
			children = (
				047E35F124338F9B0084F9EE /* Components */,
				047E35F024338F980084F9EE /* Navigation */,
				047E35EF24338F920084F9EE /* User Stories */,
			);
			path = "Presentation Layer";
			sourceTree = "<group>";
		};
		047E35E824338EE70084F9EE /* Service Layer */ = {
			isa = PBXGroup;
			children = (
			);
			path = "Service Layer";
			sourceTree = "<group>";
		};
		047E35E924338F220084F9EE /* Resources */ = {
			isa = PBXGroup;
			children = (
				047E35EA24338F290084F9EE /* Assets */,
			);
			path = Resources;
			sourceTree = "<group>";
		};
		047E35EA24338F290084F9EE /* Assets */ = {
			isa = PBXGroup;
			children = (
				047E35ED24338F620084F9EE /* AppAssets.h */,
				047E35EB24338F400084F9EE /* AppAssets.m */,
				047E35D724338E480084F9EE /* Assets.xcassets */,
			);
			path = Assets;
			sourceTree = "<group>";
		};
		047E35EF24338F920084F9EE /* User Stories */ = {
			isa = PBXGroup;
			children = (
				047E35F224338F9F0084F9EE /* Initial */,
			);
			path = "User Stories";
			sourceTree = "<group>";
		};
		047E35F024338F980084F9EE /* Navigation */ = {
			isa = PBXGroup;
			children = (
			);
			path = Navigation;
			sourceTree = "<group>";
		};
		047E35F124338F9B0084F9EE /* Components */ = {
			isa = PBXGroup;
			children = (
			);
			path = Components;
			sourceTree = "<group>";
		};
		047E35F224338F9F0084F9EE /* Initial */ = {
			isa = PBXGroup;
			children = (
				046507032438BD62004E3F5B /* InitialConfigurator.h */,
				046507012438BD57004E3F5B /* InitialConfigurator.m */,
				041CA554245427B300FA69EC /* InitialRouter.h */,
				041CA552245427A800FA69EC /* InitialRouter.m */,
				046506FC2438BA9C004E3F5B /* InitialViewController.h */,
				046506FD2438BA9C004E3F5B /* InitialViewController.m */,
				046506FE2438BA9C004E3F5B /* InitialViewController.xib */,
				04818FF12439D95900D0137E /* InitialViewModel.h */,
				04818FF22439D96500D0137E /* InitialViewModel.m */,
			);
			path = Initial;
			sourceTree = "<group>";
		};
/* End PBXGroup section */

/* Begin PBXNativeTarget section */
		047E35C724338E460084F9EE /* Old School */ = {
			isa = PBXNativeTarget;
			buildConfigurationList = 047E35E124338E480084F9EE /* Build configuration list for PBXNativeTarget "Old School" */;
			buildPhases = (
				047E35C424338E460084F9EE /* Sources */,
				047E35C524338E460084F9EE /* Frameworks */,
				047E35C624338E460084F9EE /* Resources */,
			);
			buildRules = (
			);
			dependencies = (
			);
			name = "Old School";
			productName = "Old School";
			productReference = 047E35C824338E460084F9EE /* Old School.app */;
			productType = "com.apple.product-type.application";
		};
/* End PBXNativeTarget section */

/* Begin PBXProject section */
		047E35C024338E460084F9EE /* Project object */ = {
			isa = PBXProject;
			attributes = {
				LastUpgradeCheck = 1140;
				ORGANIZATIONNAME = "Vladislav Markov";
				TargetAttributes = {
					047E35C724338E460084F9EE = {
						CreatedOnToolsVersion = 11.4;
					};
				};
			};
			buildConfigurationList = 047E35C324338E460084F9EE /* Build configuration list for PBXProject "Old School" */;
			compatibilityVersion = "Xcode 9.3";
			developmentRegion = en;
			hasScannedForEncodings = 0;
			knownRegions = (
				en,
				Base,
			);
			mainGroup = 047E35BF24338E460084F9EE;
			productRefGroup = 047E35C924338E460084F9EE /* Products */;
			projectDirPath = "";
			projectRoot = "";
			targets = (
				047E35C724338E460084F9EE /* Old School */,
			);
		};
/* End PBXProject section */

/* Begin PBXResourcesBuildPhase section */
		047E35C624338E460084F9EE /* Resources */ = {
			isa = PBXResourcesBuildPhase;
			buildActionMask = 2147483647;
			files = (
				047E35DB24338E480084F9EE /* LaunchScreen.storyboard in Resources */,
				047E35D824338E480084F9EE /* Assets.xcassets in Resources */,
				046507002438BA9C004E3F5B /* InitialViewController.xib in Resources */,
			);
			runOnlyForDeploymentPostprocessing = 0;
		};
/* End PBXResourcesBuildPhase section */

/* Begin PBXSourcesBuildPhase section */
		047E35C424338E460084F9EE /* Sources */ = {
			isa = PBXSourcesBuildPhase;
			buildActionMask = 2147483647;
			files = (
				0465072D2438C6F1004E3F5B /* main.m in Sources */,
				046507022438BD57004E3F5B /* InitialConfigurator.m in Sources */,
				047E35CD24338E460084F9EE /* AppDelegate.m in Sources */,
				047E35EC24338F400084F9EE /* AppAssets.m in Sources */,
				046506FF2438BA9C004E3F5B /* InitialViewController.m in Sources */,
				041CA553245427A800FA69EC /* InitialRouter.m in Sources */,
				04818FF32439D96500D0137E /* InitialViewModel.m in Sources */,
			);
			runOnlyForDeploymentPostprocessing = 0;
		};
/* End PBXSourcesBuildPhase section */

/* Begin PBXVariantGroup section */
		047E35D924338E480084F9EE /* LaunchScreen.storyboard */ = {
			isa = PBXVariantGroup;
			children = (
				047E35DA24338E480084F9EE /* Base */,
			);
			name = LaunchScreen.storyboard;
			sourceTree = "<group>";
		};
/* End PBXVariantGroup section */

/* Begin XCBuildConfiguration section */
		047E35DF24338E480084F9EE /* Debug */ = {
			isa = XCBuildConfiguration;
			buildSettings = {
				ALWAYS_SEARCH_USER_PATHS = NO;
				CLANG_ANALYZER_NONNULL = YES;
				CLANG_ANALYZER_NUMBER_OBJECT_CONVERSION = YES_AGGRESSIVE;
				CLANG_CXX_LANGUAGE_STANDARD = "gnu++14";
				CLANG_CXX_LIBRARY = "libc++";
				CLANG_ENABLE_MODULES = YES;
				CLANG_ENABLE_OBJC_ARC = YES;
				CLANG_ENABLE_OBJC_WEAK = YES;
				CLANG_WARN_BLOCK_CAPTURE_AUTORELEASING = YES;
				CLANG_WARN_BOOL_CONVERSION = YES;
				CLANG_WARN_COMMA = YES;
				CLANG_WARN_CONSTANT_CONVERSION = YES;
				CLANG_WARN_DEPRECATED_OBJC_IMPLEMENTATIONS = YES;
				CLANG_WARN_DIRECT_OBJC_ISA_USAGE = YES_ERROR;
				CLANG_WARN_DOCUMENTATION_COMMENTS = YES;
				CLANG_WARN_EMPTY_BODY = YES;
				CLANG_WARN_ENUM_CONVERSION = YES;
				CLANG_WARN_INFINITE_RECURSION = YES;
				CLANG_WARN_INT_CONVERSION = YES;
				CLANG_WARN_NON_LITERAL_NULL_CONVERSION = YES;
				CLANG_WARN_OBJC_IMPLICIT_RETAIN_SELF = YES;
				CLANG_WARN_OBJC_LITERAL_CONVERSION = YES;
				CLANG_WARN_OBJC_ROOT_CLASS = YES_ERROR;
				CLANG_WARN_RANGE_LOOP_ANALYSIS = YES;
				CLANG_WARN_STRICT_PROTOTYPES = YES;
				CLANG_WARN_SUSPICIOUS_MOVE = YES;
				CLANG_WARN_UNGUARDED_AVAILABILITY = YES_AGGRESSIVE;
				CLANG_WARN_UNREACHABLE_CODE = YES;
				CLANG_WARN__DUPLICATE_METHOD_MATCH = YES;
				COPY_PHASE_STRIP = NO;
				DEBUG_INFORMATION_FORMAT = dwarf;
				ENABLE_STRICT_OBJC_MSGSEND = YES;
				ENABLE_TESTABILITY = YES;
				GCC_C_LANGUAGE_STANDARD = gnu11;
				GCC_DYNAMIC_NO_PIC = NO;
				GCC_NO_COMMON_BLOCKS = YES;
				GCC_OPTIMIZATION_LEVEL = 0;
				GCC_PREPROCESSOR_DEFINITIONS = (
					"DEBUG=1",
					"$(inherited)",
				);
				GCC_WARN_64_TO_32_BIT_CONVERSION = YES;
				GCC_WARN_ABOUT_RETURN_TYPE = YES_ERROR;
				GCC_WARN_UNDECLARED_SELECTOR = YES;
				GCC_WARN_UNINITIALIZED_AUTOS = YES_AGGRESSIVE;
				GCC_WARN_UNUSED_FUNCTION = YES;
				GCC_WARN_UNUSED_VARIABLE = YES;
				IPHONEOS_DEPLOYMENT_TARGET = 13.4;
				MTL_ENABLE_DEBUG_INFO = INCLUDE_SOURCE;
				MTL_FAST_MATH = YES;
				ONLY_ACTIVE_ARCH = YES;
				SDKROOT = iphoneos;
			};
			name = Debug;
		};
		047E35E024338E480084F9EE /* Release */ = {
			isa = XCBuildConfiguration;
			buildSettings = {
				ALWAYS_SEARCH_USER_PATHS = NO;
				CLANG_ANALYZER_NONNULL = YES;
				CLANG_ANALYZER_NUMBER_OBJECT_CONVERSION = YES_AGGRESSIVE;
				CLANG_CXX_LANGUAGE_STANDARD = "gnu++14";
				CLANG_CXX_LIBRARY = "libc++";
				CLANG_ENABLE_MODULES = YES;
				CLANG_ENABLE_OBJC_ARC = YES;
				CLANG_ENABLE_OBJC_WEAK = YES;
				CLANG_WARN_BLOCK_CAPTURE_AUTORELEASING = YES;
				CLANG_WARN_BOOL_CONVERSION = YES;
				CLANG_WARN_COMMA = YES;
				CLANG_WARN_CONSTANT_CONVERSION = YES;
				CLANG_WARN_DEPRECATED_OBJC_IMPLEMENTATIONS = YES;
				CLANG_WARN_DIRECT_OBJC_ISA_USAGE = YES_ERROR;
				CLANG_WARN_DOCUMENTATION_COMMENTS = YES;
				CLANG_WARN_EMPTY_BODY = YES;
				CLANG_WARN_ENUM_CONVERSION = YES;
				CLANG_WARN_INFINITE_RECURSION = YES;
				CLANG_WARN_INT_CONVERSION = YES;
				CLANG_WARN_NON_LITERAL_NULL_CONVERSION = YES;
				CLANG_WARN_OBJC_IMPLICIT_RETAIN_SELF = YES;
				CLANG_WARN_OBJC_LITERAL_CONVERSION = YES;
				CLANG_WARN_OBJC_ROOT_CLASS = YES_ERROR;
				CLANG_WARN_RANGE_LOOP_ANALYSIS = YES;
				CLANG_WARN_STRICT_PROTOTYPES = YES;
				CLANG_WARN_SUSPICIOUS_MOVE = YES;
				CLANG_WARN_UNGUARDED_AVAILABILITY = YES_AGGRESSIVE;
				CLANG_WARN_UNREACHABLE_CODE = YES;
				CLANG_WARN__DUPLICATE_METHOD_MATCH = YES;
				COPY_PHASE_STRIP = NO;
				DEBUG_INFORMATION_FORMAT = "dwarf-with-dsym";
				ENABLE_NS_ASSERTIONS = NO;
				ENABLE_STRICT_OBJC_MSGSEND = YES;
				GCC_C_LANGUAGE_STANDARD = gnu11;
				GCC_NO_COMMON_BLOCKS = YES;
				GCC_WARN_64_TO_32_BIT_CONVERSION = YES;
				GCC_WARN_ABOUT_RETURN_TYPE = YES_ERROR;
				GCC_WARN_UNDECLARED_SELECTOR = YES;
				GCC_WARN_UNINITIALIZED_AUTOS = YES_AGGRESSIVE;
				GCC_WARN_UNUSED_FUNCTION = YES;
				GCC_WARN_UNUSED_VARIABLE = YES;
				IPHONEOS_DEPLOYMENT_TARGET = 13.4;
				MTL_ENABLE_DEBUG_INFO = NO;
				MTL_FAST_MATH = YES;
				SDKROOT = iphoneos;
				VALIDATE_PRODUCT = YES;
			};
			name = Release;
		};
		047E35E224338E480084F9EE /* Debug */ = {
			isa = XCBuildConfiguration;
			buildSettings = {
				ASSETCATALOG_COMPILER_APPICON_NAME = AppIcon;
				CODE_SIGN_STYLE = Automatic;
				DEVELOPMENT_TEAM = TV76LZZGYZ;
				INFOPLIST_FILE = "$(SRCROOT)/Old School/Application Layer/Info.plist";
				LD_RUNPATH_SEARCH_PATHS = (
					"$(inherited)",
					"@executable_path/Frameworks",
				);
				PRODUCT_BUNDLE_IDENTIFIER = "markov.vladislav.Old-School";
				PRODUCT_NAME = "$(TARGET_NAME)";
				TARGETED_DEVICE_FAMILY = "1,2";
			};
			name = Debug;
		};
		047E35E324338E480084F9EE /* Release */ = {
			isa = XCBuildConfiguration;
			buildSettings = {
				ASSETCATALOG_COMPILER_APPICON_NAME = AppIcon;
				CODE_SIGN_STYLE = Automatic;
				DEVELOPMENT_TEAM = TV76LZZGYZ;
				INFOPLIST_FILE = "$(SRCROOT)/Old School/Application Layer/Info.plist";
				LD_RUNPATH_SEARCH_PATHS = (
					"$(inherited)",
					"@executable_path/Frameworks",
				);
				PRODUCT_BUNDLE_IDENTIFIER = "markov.vladislav.Old-School";
				PRODUCT_NAME = "$(TARGET_NAME)";
				TARGETED_DEVICE_FAMILY = "1,2";
			};
			name = Release;
		};
/* End XCBuildConfiguration section */

/* Begin XCConfigurationList section */
		047E35C324338E460084F9EE /* Build configuration list for PBXProject "Old School" */ = {
			isa = XCConfigurationList;
			buildConfigurations = (
				047E35DF24338E480084F9EE /* Debug */,
				047E35E024338E480084F9EE /* Release */,
			);
			defaultConfigurationIsVisible = 0;
			defaultConfigurationName = Release;
		};
		047E35E124338E480084F9EE /* Build configuration list for PBXNativeTarget "Old School" */ = {
			isa = XCConfigurationList;
			buildConfigurations = (
				047E35E224338E480084F9EE /* Debug */,
				047E35E324338E480084F9EE /* Release */,
			);
			defaultConfigurationIsVisible = 0;
			defaultConfigurationName = Release;
		};
/* End XCConfigurationList section */
	};
	rootObject = 047E35C024338E460084F9EE /* Project object */;
}
